// !$*UTF8*$!
{
	archiveVersion = 1;
	classes = {
	};
	objectVersion = 60;
	objects = {

/* Begin PBXBuildFile section */
		3B0960BF2B18B74700EFDBCD /* FirebaseStorage in Frameworks */ = {isa = PBXBuildFile; productRef = 3B0960BE2B18B74700EFDBCD /* FirebaseStorage */; };
		3B1962582B1916C800A7C894 /* PoseList.swift in Sources */ = {isa = PBXBuildFile; fileRef = 3B1962572B1916C800A7C894 /* PoseList.swift */; };
		3B19625C2B191D8300A7C894 /* CircleImage.swift in Sources */ = {isa = PBXBuildFile; fileRef = 3B19625B2B191D8300A7C894 /* CircleImage.swift */; };
		3B2125C82B121CE600B3E0BE /* FirebaseAnalytics in Frameworks */ = {isa = PBXBuildFile; productRef = 3B2125C72B121CE600B3E0BE /* FirebaseAnalytics */; };
		3B2125CA2B121CE600B3E0BE /* FirebaseAuth in Frameworks */ = {isa = PBXBuildFile; productRef = 3B2125C92B121CE600B3E0BE /* FirebaseAuth */; };
		3B2125CC2B121CE600B3E0BE /* FirebaseFirestore in Frameworks */ = {isa = PBXBuildFile; productRef = 3B2125CB2B121CE600B3E0BE /* FirebaseFirestore */; };
		3B2125CE2B121D2600B3E0BE /* FirebaseAnalyticsSwift in Frameworks */ = {isa = PBXBuildFile; productRef = 3B2125CD2B121D2600B3E0BE /* FirebaseAnalyticsSwift */; };
		3B2125D02B121D2600B3E0BE /* FirebaseAppCheck in Frameworks */ = {isa = PBXBuildFile; productRef = 3B2125CF2B121D2600B3E0BE /* FirebaseAppCheck */; };
		3B2125D22B121D2600B3E0BE /* FirebaseFirestoreSwift in Frameworks */ = {isa = PBXBuildFile; productRef = 3B2125D12B121D2600B3E0BE /* FirebaseFirestoreSwift */; };
		3B2125DA2B121D9300B3E0BE /* FirebaseRemoteConfig in Frameworks */ = {isa = PBXBuildFile; productRef = 3B2125D92B121D9300B3E0BE /* FirebaseRemoteConfig */; };
		3B2125DC2B121D9300B3E0BE /* FirebaseRemoteConfigSwift in Frameworks */ = {isa = PBXBuildFile; productRef = 3B2125DB2B121D9300B3E0BE /* FirebaseRemoteConfigSwift */; };
		3B225B832B24871200D7E748 /* PoseDetailView.swift in Sources */ = {isa = PBXBuildFile; fileRef = 3B225B822B24871200D7E748 /* PoseDetailView.swift */; };
		3B2EA73C2B0BFF2800D46DA6 /* LoginView.swift in Sources */ = {isa = PBXBuildFile; fileRef = 3B2EA73B2B0BFF2800D46DA6 /* LoginView.swift */; };
		3B2EA73F2B0C0BAF00D46DA6 /* AuthenticationViewModel.swift in Sources */ = {isa = PBXBuildFile; fileRef = 3B2EA73E2B0C0BAF00D46DA6 /* AuthenticationViewModel.swift */; };
		3B331DA32B21381600DAF0E2 /* ManageSubscriptionView.swift in Sources */ = {isa = PBXBuildFile; fileRef = 3B331DA22B21381600DAF0E2 /* ManageSubscriptionView.swift */; };
		3B331DA52B21385D00DAF0E2 /* RestorePurchaseView.swift in Sources */ = {isa = PBXBuildFile; fileRef = 3B331DA42B21385D00DAF0E2 /* RestorePurchaseView.swift */; };
		3B331DA72B2138A000DAF0E2 /* RateUsView.swift in Sources */ = {isa = PBXBuildFile; fileRef = 3B331DA62B2138A000DAF0E2 /* RateUsView.swift */; };
		3B331DA92B21399E00DAF0E2 /* AppleHealthView.swift in Sources */ = {isa = PBXBuildFile; fileRef = 3B331DA82B21399E00DAF0E2 /* AppleHealthView.swift */; };
		3B331DAB2B2139E500DAF0E2 /* PrivacyPolicyView.swift in Sources */ = {isa = PBXBuildFile; fileRef = 3B331DAA2B2139E500DAF0E2 /* PrivacyPolicyView.swift */; };
		3B331DAD2B213A6000DAF0E2 /* TermsOfUseView.swift in Sources */ = {isa = PBXBuildFile; fileRef = 3B331DAC2B213A6000DAF0E2 /* TermsOfUseView.swift */; };
		3B3E13C02B0A8BB4003F8E78 /* StoreKit.framework in Frameworks */ = {isa = PBXBuildFile; fileRef = 3B83F94A2B0399E4001ADD11 /* StoreKit.framework */; };
		3B40A36C2B1222EA00170041 /* Alamofire in Frameworks */ = {isa = PBXBuildFile; productRef = 3B40A36B2B1222EA00170041 /* Alamofire */; };
		3B40A37D2B12B43000170041 /* MetricCard.swift in Sources */ = {isa = PBXBuildFile; fileRef = 3B40A37C2B12B43000170041 /* MetricCard.swift */; };
		3B51EBEF2B1D306B00BB3B7D /* HKQueryOptions.swift in Sources */ = {isa = PBXBuildFile; fileRef = 3B51EBEE2B1D306B00BB3B7D /* HKQueryOptions.swift */; };
		3B54698F2B0CFCD3009130FD /* AuthenticatedView.swift in Sources */ = {isa = PBXBuildFile; fileRef = 3B54698E2B0CFCD3009130FD /* AuthenticatedView.swift */; };
		3B5469922B0CFD40009130FD /* UserProfileView.swift in Sources */ = {isa = PBXBuildFile; fileRef = 3B5469912B0CFD40009130FD /* UserProfileView.swift */; };
		3B5C59E32B1902FE00283244 /* Pose.swift in Sources */ = {isa = PBXBuildFile; fileRef = 3B5C59E22B1902FE00283244 /* Pose.swift */; };
		3B5C59E52B1905BD00283244 /* PoseViewModel.swift in Sources */ = {isa = PBXBuildFile; fileRef = 3B5C59E42B1905BD00283244 /* PoseViewModel.swift */; };
		3B63F0D42B2878B600794E2A /* Achievement.swift in Sources */ = {isa = PBXBuildFile; fileRef = 3B63F0D32B2878B600794E2A /* Achievement.swift */; };
		3B8920D02B0F5E50000A61A2 /* HealthKit.framework in Frameworks */ = {isa = PBXBuildFile; fileRef = 3B8920CF2B0F5E50000A61A2 /* HealthKit.framework */; };
		3B92A57C2B2220930088299E /* DiscoverView.swift in Sources */ = {isa = PBXBuildFile; fileRef = 3B92A57B2B2220930088299E /* DiscoverView.swift */; };
		3B9A56A92B23B98F00E2246F /* updated_data.json in Resources */ = {isa = PBXBuildFile; fileRef = 3B9A56A82B23B98F00E2246F /* updated_data.json */; };
		3B9DA8252B0EA9E200480621 /* ExerciseTimerView.swift in Sources */ = {isa = PBXBuildFile; fileRef = 3B9DA8242B0EA9E200480621 /* ExerciseTimerView.swift */; };
		3B9DA82C2B0EAF6D00480621 /* Theme.swift in Sources */ = {isa = PBXBuildFile; fileRef = 3B9DA82B2B0EAF6D00480621 /* Theme.swift */; };
		3BA0D7532B25CD4200C53055 /* MetadataScrollView.swift in Sources */ = {isa = PBXBuildFile; fileRef = 3BA0D7522B25CD4200C53055 /* MetadataScrollView.swift */; };
		3BA2F0CE2B1CFA83001AE1F7 /* HeartRateModel.swift in Sources */ = {isa = PBXBuildFile; fileRef = 3BA2F0CD2B1CFA83001AE1F7 /* HeartRateModel.swift */; };
		3BA2F0D32B1CFAE3001AE1F7 /* HeartRateModel.swift in Sources */ = {isa = PBXBuildFile; fileRef = 3BA2F0CF2B1CFAE3001AE1F7 /* HeartRateModel.swift */; };
		3BA2F0D52B1CFAE3001AE1F7 /* SleepAnalysisModel.swift in Sources */ = {isa = PBXBuildFile; fileRef = 3BA2F0D12B1CFAE3001AE1F7 /* SleepAnalysisModel.swift */; };
		3BA2F0D62B1CFAE3001AE1F7 /* MindfulSessionModel.swift in Sources */ = {isa = PBXBuildFile; fileRef = 3BA2F0D22B1CFAE3001AE1F7 /* MindfulSessionModel.swift */; };
		3BA33C922B1E533800DF80F6 /* LuckiestGuy-Regular.ttf in Resources */ = {isa = PBXBuildFile; fileRef = 3BA33C912B1E533800DF80F6 /* LuckiestGuy-Regular.ttf */; };
		3BA33C942B1E6A8F00DF80F6 /* UserTrophyToolbar.swift in Sources */ = {isa = PBXBuildFile; fileRef = 3BA33C932B1E6A8F00DF80F6 /* UserTrophyToolbar.swift */; };
		3BAF8F002B13D79300E5436F /* HealthCard.swift in Sources */ = {isa = PBXBuildFile; fileRef = 3BAF8EFF2B13D79300E5436F /* HealthCard.swift */; };
		3BBF478D2B1E4CD4006033F8 /* Fonts.swift in Sources */ = {isa = PBXBuildFile; fileRef = 3BBF478C2B1E4CD4006033F8 /* Fonts.swift */; };
		3BCC04C72B01901400FD1FC3 /* YogelixApp.swift in Sources */ = {isa = PBXBuildFile; fileRef = 3BCC04C62B01901400FD1FC3 /* YogelixApp.swift */; };
		3BCC04C92B01901400FD1FC3 /* ContentView.swift in Sources */ = {isa = PBXBuildFile; fileRef = 3BCC04C82B01901400FD1FC3 /* ContentView.swift */; };
		3BCC04CB2B01901500FD1FC3 /* Assets.xcassets in Resources */ = {isa = PBXBuildFile; fileRef = 3BCC04CA2B01901500FD1FC3 /* Assets.xcassets */; };
		3BCC04D02B01901500FD1FC3 /* Persistence.swift in Sources */ = {isa = PBXBuildFile; fileRef = 3BCC04CF2B01901500FD1FC3 /* Persistence.swift */; };
		3BCC04D32B01901500FD1FC3 /* Yogelix.xcdatamodeld in Sources */ = {isa = PBXBuildFile; fileRef = 3BCC04D12B01901500FD1FC3 /* Yogelix.xcdatamodeld */; };
		3BCC04DF2B01901600FD1FC3 /* YogelixTests.swift in Sources */ = {isa = PBXBuildFile; fileRef = 3BCC04DE2B01901600FD1FC3 /* YogelixTests.swift */; };
		3BCC04E92B01901600FD1FC3 /* YogelixUITests.swift in Sources */ = {isa = PBXBuildFile; fileRef = 3BCC04E82B01901600FD1FC3 /* YogelixUITests.swift */; };
		3BCC04EB2B01901600FD1FC3 /* YogelixUITestsLaunchTests.swift in Sources */ = {isa = PBXBuildFile; fileRef = 3BCC04EA2B01901600FD1FC3 /* YogelixUITestsLaunchTests.swift */; };
		3BD2CCBB2B1B8D7400DD5C7E /* QuantityDataViewModel.swift in Sources */ = {isa = PBXBuildFile; fileRef = 3BD2CCBA2B1B8D7400DD5C7E /* QuantityDataViewModel.swift */; };
		3BD2CCBD2B1B90C800DD5C7E /* WorkoutDataViewModel.swift in Sources */ = {isa = PBXBuildFile; fileRef = 3BD2CCBC2B1B90C800DD5C7E /* WorkoutDataViewModel.swift */; };
		3BD2CCBF2B1BA4D100DD5C7E /* MainView.swift in Sources */ = {isa = PBXBuildFile; fileRef = 3BD2CCBE2B1BA4D100DD5C7E /* MainView.swift */; };
		3BD2CCC42B1BA6C500DD5C7E /* ActivityRings.swift in Sources */ = {isa = PBXBuildFile; fileRef = 3BD2CCC32B1BA6C500DD5C7E /* ActivityRings.swift */; };
		3BD2CCC62B1BA83800DD5C7E /* WorkoutSummaryCard.swift in Sources */ = {isa = PBXBuildFile; fileRef = 3BD2CCC52B1BA83800DD5C7E /* WorkoutSummaryCard.swift */; };
		3BD2CCCC2B1BA91C00DD5C7E /* DailySummary.swift in Sources */ = {isa = PBXBuildFile; fileRef = 3BD2CCCB2B1BA91C00DD5C7E /* DailySummary.swift */; };
		3BD91F1F2B16876F00D9218E /* Ring.swift in Sources */ = {isa = PBXBuildFile; fileRef = 3BD91F1E2B16876F00D9218E /* Ring.swift */; };
		3BD9BBA62B20CA1000BF7949 /* data.json in Resources */ = {isa = PBXBuildFile; fileRef = 3BD9BBA52B20CA1000BF7949 /* data.json */; };
		3BDA65712B1F38DF00177735 /* GoogleSignIn in Frameworks */ = {isa = PBXBuildFile; productRef = 3BDA65702B1F38DF00177735 /* GoogleSignIn */; };
		3BDA65732B1F38DF00177735 /* GoogleSignInSwift in Frameworks */ = {isa = PBXBuildFile; productRef = 3BDA65722B1F38DF00177735 /* GoogleSignInSwift */; };
		3BDA65772B1FB43400177735 /* PoseOfTheDay.swift in Sources */ = {isa = PBXBuildFile; fileRef = 3BDA65762B1FB43400177735 /* PoseOfTheDay.swift */; };
		3BDA657D2B1FDCC200177735 /* ProfilePicImage.swift in Sources */ = {isa = PBXBuildFile; fileRef = 3BDA657C2B1FDCC200177735 /* ProfilePicImage.swift */; };
		3BDFE13C2B026C21007FB23E /* ImagePicker.swift in Sources */ = {isa = PBXBuildFile; fileRef = 3BDFE13B2B026C21007FB23E /* ImagePicker.swift */; };
		3BDFE13E2B026C2B007FB23E /* SessionController.swift in Sources */ = {isa = PBXBuildFile; fileRef = 3BDFE13D2B026C2B007FB23E /* SessionController.swift */; };
		3BE08DE32B175273002D585A /* fine-tune.jsonl in Resources */ = {isa = PBXBuildFile; fileRef = 3BE08DE22B175273002D585A /* fine-tune.jsonl */; };
		3BE252B42B26106C00AABE82 /* GoogleService-Info.plist in Resources */ = {isa = PBXBuildFile; fileRef = 3BE252B32B26106C00AABE82 /* GoogleService-Info.plist */; };
		3BE252B62B2636B400AABE82 /* ManageSubscriptionViewModel.swift in Sources */ = {isa = PBXBuildFile; fileRef = 3BE252B52B2636B400AABE82 /* ManageSubscriptionViewModel.swift */; };
		3BE4A8202B1A15AC007611D8 /* FavoriteButton.swift in Sources */ = {isa = PBXBuildFile; fileRef = 3BE4A81F2B1A15AC007611D8 /* FavoriteButton.swift */; };
		3BE4A8402B1A5C0C007611D8 /* OpenAIApiClient.swift in Sources */ = {isa = PBXBuildFile; fileRef = 3BE4A83F2B1A5C0C007611D8 /* OpenAIApiClient.swift */; };
		3BE4A8422B1A607C007611D8 /* ChatView.swift in Sources */ = {isa = PBXBuildFile; fileRef = 3BE4A8412B1A607C007611D8 /* ChatView.swift */; };
		3BE4A8442B1A709E007611D8 /* final.jsonl in Resources */ = {isa = PBXBuildFile; fileRef = 3BE4A8432B1A709E007611D8 /* final.jsonl */; };
		3BE4A8562B1B2E73007611D8 /* QuantityTypeManager.swift in Sources */ = {isa = PBXBuildFile; fileRef = 3BE4A8552B1B2E73007611D8 /* QuantityTypeManager.swift */; };
		3BE4A8582B1B3342007611D8 /* WorkoutTypeManager.swift in Sources */ = {isa = PBXBuildFile; fileRef = 3BE4A8572B1B3342007611D8 /* WorkoutTypeManager.swift */; };
		3BE4A85B2B1B76D9007611D8 /* CategoryTypeManager.swift in Sources */ = {isa = PBXBuildFile; fileRef = 3BE4A85A2B1B76D8007611D8 /* CategoryTypeManager.swift */; };
		3BE4A8602B1B7CC0007611D8 /* MindfulSessionModel.swift in Sources */ = {isa = PBXBuildFile; fileRef = 3BE4A85F2B1B7CC0007611D8 /* MindfulSessionModel.swift */; };
		3BE4A8632B1B7EAF007611D8 /* CategoryDataViewModel.swift in Sources */ = {isa = PBXBuildFile; fileRef = 3BE4A8622B1B7EAE007611D8 /* CategoryDataViewModel.swift */; };
		3BF547762B155DC10073BD18 /* ChakraScrollView.swift in Sources */ = {isa = PBXBuildFile; fileRef = 3BF547752B155DC10073BD18 /* ChakraScrollView.swift */; };
		3BF547782B155EDE0073BD18 /* LoopingScroll.swift in Sources */ = {isa = PBXBuildFile; fileRef = 3BF547772B155EDE0073BD18 /* LoopingScroll.swift */; };
		3BF59E2C2B279F5F000C6483 /* UserProfileViewModel.swift in Sources */ = {isa = PBXBuildFile; fileRef = 3BF59E2B2B279F5F000C6483 /* UserProfileViewModel.swift */; };
/* End PBXBuildFile section */

/* Begin PBXContainerItemProxy section */
		3BCC04DB2B01901600FD1FC3 /* PBXContainerItemProxy */ = {
			isa = PBXContainerItemProxy;
			containerPortal = 3BCC04BB2B01901400FD1FC3 /* Project object */;
			proxyType = 1;
			remoteGlobalIDString = 3BCC04C22B01901400FD1FC3;
			remoteInfo = Yogelix;
		};
		3BCC04E52B01901600FD1FC3 /* PBXContainerItemProxy */ = {
			isa = PBXContainerItemProxy;
			containerPortal = 3BCC04BB2B01901400FD1FC3 /* Project object */;
			proxyType = 1;
			remoteGlobalIDString = 3BCC04C22B01901400FD1FC3;
			remoteInfo = Yogelix;
		};
/* End PBXContainerItemProxy section */

/* Begin PBXCopyFilesBuildPhase section */
		3B3E13C52B0A8BB8003F8E78 /* Embed Frameworks */ = {
			isa = PBXCopyFilesBuildPhase;
			buildActionMask = 2147483647;
			dstPath = "";
			dstSubfolderSpec = 10;
			files = (
			);
			name = "Embed Frameworks";
			runOnlyForDeploymentPostprocessing = 0;
		};
		3BA4A64B2B0D56310032936E /* Embed Foundation Extensions */ = {
			isa = PBXCopyFilesBuildPhase;
			buildActionMask = 2147483647;
			dstPath = "";
			dstSubfolderSpec = 13;
			files = (
			);
			name = "Embed Foundation Extensions";
			runOnlyForDeploymentPostprocessing = 0;
		};
/* End PBXCopyFilesBuildPhase section */

/* Begin PBXFileReference section */
		3B1962572B1916C800A7C894 /* PoseList.swift */ = {isa = PBXFileReference; lastKnownFileType = sourcecode.swift; path = PoseList.swift; sourceTree = "<group>"; };
		3B19625B2B191D8300A7C894 /* CircleImage.swift */ = {isa = PBXFileReference; lastKnownFileType = sourcecode.swift; path = CircleImage.swift; sourceTree = "<group>"; };
		3B225B822B24871200D7E748 /* PoseDetailView.swift */ = {isa = PBXFileReference; lastKnownFileType = sourcecode.swift; path = PoseDetailView.swift; sourceTree = "<group>"; };
		3B2EA73B2B0BFF2800D46DA6 /* LoginView.swift */ = {isa = PBXFileReference; lastKnownFileType = sourcecode.swift; path = LoginView.swift; sourceTree = "<group>"; };
		3B2EA73E2B0C0BAF00D46DA6 /* AuthenticationViewModel.swift */ = {isa = PBXFileReference; lastKnownFileType = sourcecode.swift; path = AuthenticationViewModel.swift; sourceTree = "<group>"; };
		3B331DA22B21381600DAF0E2 /* ManageSubscriptionView.swift */ = {isa = PBXFileReference; lastKnownFileType = sourcecode.swift; path = ManageSubscriptionView.swift; sourceTree = "<group>"; };
		3B331DA42B21385D00DAF0E2 /* RestorePurchaseView.swift */ = {isa = PBXFileReference; lastKnownFileType = sourcecode.swift; path = RestorePurchaseView.swift; sourceTree = "<group>"; };
		3B331DA62B2138A000DAF0E2 /* RateUsView.swift */ = {isa = PBXFileReference; lastKnownFileType = sourcecode.swift; path = RateUsView.swift; sourceTree = "<group>"; };
		3B331DA82B21399E00DAF0E2 /* AppleHealthView.swift */ = {isa = PBXFileReference; lastKnownFileType = sourcecode.swift; path = AppleHealthView.swift; sourceTree = "<group>"; };
		3B331DAA2B2139E500DAF0E2 /* PrivacyPolicyView.swift */ = {isa = PBXFileReference; lastKnownFileType = sourcecode.swift; path = PrivacyPolicyView.swift; sourceTree = "<group>"; };
		3B331DAC2B213A6000DAF0E2 /* TermsOfUseView.swift */ = {isa = PBXFileReference; lastKnownFileType = sourcecode.swift; path = TermsOfUseView.swift; sourceTree = "<group>"; };
		3B40A37C2B12B43000170041 /* MetricCard.swift */ = {isa = PBXFileReference; lastKnownFileType = sourcecode.swift; path = MetricCard.swift; sourceTree = "<group>"; };
		3B40A3892B12D48F00170041 /* Prompt.md */ = {isa = PBXFileReference; lastKnownFileType = net.daringfireball.markdown; path = Prompt.md; sourceTree = "<group>"; };
		3B51EBEE2B1D306B00BB3B7D /* HKQueryOptions.swift */ = {isa = PBXFileReference; lastKnownFileType = sourcecode.swift; path = HKQueryOptions.swift; sourceTree = "<group>"; };
		3B54698E2B0CFCD3009130FD /* AuthenticatedView.swift */ = {isa = PBXFileReference; lastKnownFileType = sourcecode.swift; path = AuthenticatedView.swift; sourceTree = "<group>"; };
		3B5469912B0CFD40009130FD /* UserProfileView.swift */ = {isa = PBXFileReference; lastKnownFileType = sourcecode.swift; path = UserProfileView.swift; sourceTree = "<group>"; };
		3B5C59E22B1902FE00283244 /* Pose.swift */ = {isa = PBXFileReference; lastKnownFileType = sourcecode.swift; path = Pose.swift; sourceTree = "<group>"; };
		3B5C59E42B1905BD00283244 /* PoseViewModel.swift */ = {isa = PBXFileReference; lastKnownFileType = sourcecode.swift; path = PoseViewModel.swift; sourceTree = "<group>"; };
		3B63F0D32B2878B600794E2A /* Achievement.swift */ = {isa = PBXFileReference; lastKnownFileType = sourcecode.swift; path = Achievement.swift; sourceTree = "<group>"; };
		3B83F94A2B0399E4001ADD11 /* StoreKit.framework */ = {isa = PBXFileReference; lastKnownFileType = wrapper.framework; name = StoreKit.framework; path = System/Library/Frameworks/StoreKit.framework; sourceTree = SDKROOT; };
		3B8920CF2B0F5E50000A61A2 /* HealthKit.framework */ = {isa = PBXFileReference; lastKnownFileType = wrapper.framework; name = HealthKit.framework; path = System/Library/Frameworks/HealthKit.framework; sourceTree = SDKROOT; };
		3B92A57B2B2220930088299E /* DiscoverView.swift */ = {isa = PBXFileReference; lastKnownFileType = sourcecode.swift; path = DiscoverView.swift; sourceTree = "<group>"; };
		3B9A56A82B23B98F00E2246F /* updated_data.json */ = {isa = PBXFileReference; fileEncoding = 4; lastKnownFileType = text.json; path = updated_data.json; sourceTree = "<group>"; };
		3B9DA8242B0EA9E200480621 /* ExerciseTimerView.swift */ = {isa = PBXFileReference; lastKnownFileType = sourcecode.swift; path = ExerciseTimerView.swift; sourceTree = "<group>"; };
		3B9DA82B2B0EAF6D00480621 /* Theme.swift */ = {isa = PBXFileReference; lastKnownFileType = sourcecode.swift; path = Theme.swift; sourceTree = "<group>"; };
		3BA0D7522B25CD4200C53055 /* MetadataScrollView.swift */ = {isa = PBXFileReference; lastKnownFileType = sourcecode.swift; path = MetadataScrollView.swift; sourceTree = "<group>"; };
		3BA2F0CD2B1CFA83001AE1F7 /* HeartRateModel.swift */ = {isa = PBXFileReference; fileEncoding = 4; lastKnownFileType = sourcecode.swift; path = HeartRateModel.swift; sourceTree = "<group>"; };
		3BA2F0CF2B1CFAE3001AE1F7 /* HeartRateModel.swift */ = {isa = PBXFileReference; fileEncoding = 4; lastKnownFileType = sourcecode.swift; path = HeartRateModel.swift; sourceTree = "<group>"; };
		3BA2F0D12B1CFAE3001AE1F7 /* SleepAnalysisModel.swift */ = {isa = PBXFileReference; fileEncoding = 4; lastKnownFileType = sourcecode.swift; path = SleepAnalysisModel.swift; sourceTree = "<group>"; };
		3BA2F0D22B1CFAE3001AE1F7 /* MindfulSessionModel.swift */ = {isa = PBXFileReference; fileEncoding = 4; lastKnownFileType = sourcecode.swift; path = MindfulSessionModel.swift; sourceTree = "<group>"; };
		3BA33C912B1E533800DF80F6 /* LuckiestGuy-Regular.ttf */ = {isa = PBXFileReference; lastKnownFileType = file; path = "LuckiestGuy-Regular.ttf"; sourceTree = "<group>"; };
		3BA33C932B1E6A8F00DF80F6 /* UserTrophyToolbar.swift */ = {isa = PBXFileReference; lastKnownFileType = sourcecode.swift; path = UserTrophyToolbar.swift; sourceTree = "<group>"; };
		3BA4A63C2B0D56310032936E /* AuthenticationServices.framework */ = {isa = PBXFileReference; lastKnownFileType = wrapper.framework; name = AuthenticationServices.framework; path = System/Library/Frameworks/AuthenticationServices.framework; sourceTree = SDKROOT; };
		3BA4A6552B0D60D50032936E /* YogelixSecrets.h */ = {isa = PBXFileReference; lastKnownFileType = sourcecode.c.h; path = YogelixSecrets.h; sourceTree = "<group>"; };
		3BAF8EFF2B13D79300E5436F /* HealthCard.swift */ = {isa = PBXFileReference; lastKnownFileType = sourcecode.swift; path = HealthCard.swift; sourceTree = "<group>"; };
		3BBF478C2B1E4CD4006033F8 /* Fonts.swift */ = {isa = PBXFileReference; lastKnownFileType = sourcecode.swift; path = Fonts.swift; sourceTree = "<group>"; };
		3BCC04C32B01901400FD1FC3 /* Yogelix.app */ = {isa = PBXFileReference; explicitFileType = wrapper.application; includeInIndex = 0; path = Yogelix.app; sourceTree = BUILT_PRODUCTS_DIR; };
		3BCC04C62B01901400FD1FC3 /* YogelixApp.swift */ = {isa = PBXFileReference; lastKnownFileType = sourcecode.swift; path = YogelixApp.swift; sourceTree = "<group>"; };
		3BCC04C82B01901400FD1FC3 /* ContentView.swift */ = {isa = PBXFileReference; lastKnownFileType = sourcecode.swift; path = ContentView.swift; sourceTree = "<group>"; };
		3BCC04CA2B01901500FD1FC3 /* Assets.xcassets */ = {isa = PBXFileReference; lastKnownFileType = folder.assetcatalog; path = Assets.xcassets; sourceTree = "<group>"; };
		3BCC04CF2B01901500FD1FC3 /* Persistence.swift */ = {isa = PBXFileReference; lastKnownFileType = sourcecode.swift; path = Persistence.swift; sourceTree = "<group>"; };
		3BCC04D22B01901500FD1FC3 /* Yogelix.xcdatamodel */ = {isa = PBXFileReference; lastKnownFileType = wrapper.xcdatamodel; path = Yogelix.xcdatamodel; sourceTree = "<group>"; };
		3BCC04D42B01901500FD1FC3 /* Yogelix.entitlements */ = {isa = PBXFileReference; lastKnownFileType = text.plist.entitlements; path = Yogelix.entitlements; sourceTree = "<group>"; };
		3BCC04D52B01901500FD1FC3 /* Info.plist */ = {isa = PBXFileReference; lastKnownFileType = text.plist.xml; path = Info.plist; sourceTree = "<group>"; };
		3BCC04DA2B01901600FD1FC3 /* YogelixTests.xctest */ = {isa = PBXFileReference; explicitFileType = wrapper.cfbundle; includeInIndex = 0; path = YogelixTests.xctest; sourceTree = BUILT_PRODUCTS_DIR; };
		3BCC04DE2B01901600FD1FC3 /* YogelixTests.swift */ = {isa = PBXFileReference; lastKnownFileType = sourcecode.swift; path = YogelixTests.swift; sourceTree = "<group>"; };
		3BCC04E42B01901600FD1FC3 /* YogelixUITests.xctest */ = {isa = PBXFileReference; explicitFileType = wrapper.cfbundle; includeInIndex = 0; path = YogelixUITests.xctest; sourceTree = BUILT_PRODUCTS_DIR; };
		3BCC04E82B01901600FD1FC3 /* YogelixUITests.swift */ = {isa = PBXFileReference; lastKnownFileType = sourcecode.swift; path = YogelixUITests.swift; sourceTree = "<group>"; };
		3BCC04EA2B01901600FD1FC3 /* YogelixUITestsLaunchTests.swift */ = {isa = PBXFileReference; lastKnownFileType = sourcecode.swift; path = YogelixUITestsLaunchTests.swift; sourceTree = "<group>"; };
		3BD2CCBA2B1B8D7400DD5C7E /* QuantityDataViewModel.swift */ = {isa = PBXFileReference; lastKnownFileType = sourcecode.swift; path = QuantityDataViewModel.swift; sourceTree = "<group>"; };
		3BD2CCBC2B1B90C800DD5C7E /* WorkoutDataViewModel.swift */ = {isa = PBXFileReference; lastKnownFileType = sourcecode.swift; path = WorkoutDataViewModel.swift; sourceTree = "<group>"; };
		3BD2CCBE2B1BA4D100DD5C7E /* MainView.swift */ = {isa = PBXFileReference; lastKnownFileType = sourcecode.swift; path = MainView.swift; sourceTree = "<group>"; };
		3BD2CCC32B1BA6C500DD5C7E /* ActivityRings.swift */ = {isa = PBXFileReference; lastKnownFileType = sourcecode.swift; path = ActivityRings.swift; sourceTree = "<group>"; };
		3BD2CCC52B1BA83800DD5C7E /* WorkoutSummaryCard.swift */ = {isa = PBXFileReference; lastKnownFileType = sourcecode.swift; path = WorkoutSummaryCard.swift; sourceTree = "<group>"; };
		3BD2CCCB2B1BA91C00DD5C7E /* DailySummary.swift */ = {isa = PBXFileReference; lastKnownFileType = sourcecode.swift; path = DailySummary.swift; sourceTree = "<group>"; };
		3BD91F1E2B16876F00D9218E /* Ring.swift */ = {isa = PBXFileReference; lastKnownFileType = sourcecode.swift; path = Ring.swift; sourceTree = "<group>"; };
		3BD9BBA52B20CA1000BF7949 /* data.json */ = {isa = PBXFileReference; fileEncoding = 4; lastKnownFileType = text.json; path = data.json; sourceTree = "<group>"; };
		3BDA65762B1FB43400177735 /* PoseOfTheDay.swift */ = {isa = PBXFileReference; lastKnownFileType = sourcecode.swift; path = PoseOfTheDay.swift; sourceTree = "<group>"; };
		3BDA657C2B1FDCC200177735 /* ProfilePicImage.swift */ = {isa = PBXFileReference; lastKnownFileType = sourcecode.swift; path = ProfilePicImage.swift; sourceTree = "<group>"; };
		3BDFE13B2B026C21007FB23E /* ImagePicker.swift */ = {isa = PBXFileReference; lastKnownFileType = sourcecode.swift; path = ImagePicker.swift; sourceTree = "<group>"; };
		3BDFE13D2B026C2B007FB23E /* SessionController.swift */ = {isa = PBXFileReference; lastKnownFileType = sourcecode.swift; path = SessionController.swift; sourceTree = "<group>"; };
		3BE08DE22B175273002D585A /* fine-tune.jsonl */ = {isa = PBXFileReference; lastKnownFileType = text; path = "fine-tune.jsonl"; sourceTree = "<group>"; };
		3BE252B32B26106C00AABE82 /* GoogleService-Info.plist */ = {isa = PBXFileReference; fileEncoding = 4; lastKnownFileType = text.plist.xml; path = "GoogleService-Info.plist"; sourceTree = "<group>"; };
		3BE252B52B2636B400AABE82 /* ManageSubscriptionViewModel.swift */ = {isa = PBXFileReference; lastKnownFileType = sourcecode.swift; path = ManageSubscriptionViewModel.swift; sourceTree = "<group>"; };
		3BE4A81F2B1A15AC007611D8 /* FavoriteButton.swift */ = {isa = PBXFileReference; lastKnownFileType = sourcecode.swift; path = FavoriteButton.swift; sourceTree = "<group>"; };
		3BE4A83F2B1A5C0C007611D8 /* OpenAIApiClient.swift */ = {isa = PBXFileReference; lastKnownFileType = sourcecode.swift; path = OpenAIApiClient.swift; sourceTree = "<group>"; };
		3BE4A8412B1A607C007611D8 /* ChatView.swift */ = {isa = PBXFileReference; lastKnownFileType = sourcecode.swift; path = ChatView.swift; sourceTree = "<group>"; };
		3BE4A8432B1A709E007611D8 /* final.jsonl */ = {isa = PBXFileReference; lastKnownFileType = text; path = final.jsonl; sourceTree = "<group>"; };
		3BE4A8552B1B2E73007611D8 /* QuantityTypeManager.swift */ = {isa = PBXFileReference; lastKnownFileType = sourcecode.swift; path = QuantityTypeManager.swift; sourceTree = "<group>"; };
		3BE4A8572B1B3342007611D8 /* WorkoutTypeManager.swift */ = {isa = PBXFileReference; lastKnownFileType = sourcecode.swift; path = WorkoutTypeManager.swift; sourceTree = "<group>"; };
		3BE4A85A2B1B76D8007611D8 /* CategoryTypeManager.swift */ = {isa = PBXFileReference; lastKnownFileType = sourcecode.swift; path = CategoryTypeManager.swift; sourceTree = "<group>"; };
		3BE4A85F2B1B7CC0007611D8 /* MindfulSessionModel.swift */ = {isa = PBXFileReference; lastKnownFileType = sourcecode.swift; path = MindfulSessionModel.swift; sourceTree = "<group>"; };
		3BE4A8622B1B7EAE007611D8 /* CategoryDataViewModel.swift */ = {isa = PBXFileReference; lastKnownFileType = sourcecode.swift; path = CategoryDataViewModel.swift; sourceTree = "<group>"; };
		3BF547752B155DC10073BD18 /* ChakraScrollView.swift */ = {isa = PBXFileReference; lastKnownFileType = sourcecode.swift; path = ChakraScrollView.swift; sourceTree = "<group>"; };
		3BF547772B155EDE0073BD18 /* LoopingScroll.swift */ = {isa = PBXFileReference; lastKnownFileType = sourcecode.swift; path = LoopingScroll.swift; sourceTree = "<group>"; };
		3BF59E2B2B279F5F000C6483 /* UserProfileViewModel.swift */ = {isa = PBXFileReference; lastKnownFileType = sourcecode.swift; path = UserProfileViewModel.swift; sourceTree = "<group>"; };
/* End PBXFileReference section */

/* Begin PBXFrameworksBuildPhase section */
		3BCC04C02B01901400FD1FC3 /* Frameworks */ = {
			isa = PBXFrameworksBuildPhase;
			buildActionMask = 2147483647;
			files = (
				3BDA65732B1F38DF00177735 /* GoogleSignInSwift in Frameworks */,
				3B3E13C02B0A8BB4003F8E78 /* StoreKit.framework in Frameworks */,
				3B2125CA2B121CE600B3E0BE /* FirebaseAuth in Frameworks */,
				3B8920D02B0F5E50000A61A2 /* HealthKit.framework in Frameworks */,
				3B2125DC2B121D9300B3E0BE /* FirebaseRemoteConfigSwift in Frameworks */,
				3B0960BF2B18B74700EFDBCD /* FirebaseStorage in Frameworks */,
				3B2125CE2B121D2600B3E0BE /* FirebaseAnalyticsSwift in Frameworks */,
				3B2125D22B121D2600B3E0BE /* FirebaseFirestoreSwift in Frameworks */,
				3B40A36C2B1222EA00170041 /* Alamofire in Frameworks */,
				3B2125C82B121CE600B3E0BE /* FirebaseAnalytics in Frameworks */,
				3B2125D02B121D2600B3E0BE /* FirebaseAppCheck in Frameworks */,
				3B2125DA2B121D9300B3E0BE /* FirebaseRemoteConfig in Frameworks */,
				3B2125CC2B121CE600B3E0BE /* FirebaseFirestore in Frameworks */,
				3BDA65712B1F38DF00177735 /* GoogleSignIn in Frameworks */,
			);
			runOnlyForDeploymentPostprocessing = 0;
		};
		3BCC04D72B01901600FD1FC3 /* Frameworks */ = {
			isa = PBXFrameworksBuildPhase;
			buildActionMask = 2147483647;
			files = (
			);
			runOnlyForDeploymentPostprocessing = 0;
		};
		3BCC04E12B01901600FD1FC3 /* Frameworks */ = {
			isa = PBXFrameworksBuildPhase;
			buildActionMask = 2147483647;
			files = (
			);
			runOnlyForDeploymentPostprocessing = 0;
		};
/* End PBXFrameworksBuildPhase section */

/* Begin PBXGroup section */
		3B225B7F2B247CDA00D7E748 /* DataViewModel */ = {
			isa = PBXGroup;
			children = (
				3B5C59E42B1905BD00283244 /* PoseViewModel.swift */,
				3BD2CCBC2B1B90C800DD5C7E /* WorkoutDataViewModel.swift */,
				3B2EA73E2B0C0BAF00D46DA6 /* AuthenticationViewModel.swift */,
				3BE252B52B2636B400AABE82 /* ManageSubscriptionViewModel.swift */,
				3BF59E2B2B279F5F000C6483 /* UserProfileViewModel.swift */,
			);
			path = DataViewModel;
			sourceTree = "<group>";
		};
		3B331DAE2B213CC600DAF0E2 /* Setting */ = {
			isa = PBXGroup;
			children = (
				3B331DAC2B213A6000DAF0E2 /* TermsOfUseView.swift */,
				3B331DAA2B2139E500DAF0E2 /* PrivacyPolicyView.swift */,
				3B331DA82B21399E00DAF0E2 /* AppleHealthView.swift */,
				3B331DA62B2138A000DAF0E2 /* RateUsView.swift */,
				3B331DA42B21385D00DAF0E2 /* RestorePurchaseView.swift */,
				3B331DA22B21381600DAF0E2 /* ManageSubscriptionView.swift */,
			);
			path = Setting;
			sourceTree = "<group>";
		};
		3B40A36D2B1222F100170041 /* OpenAI */ = {
			isa = PBXGroup;
			children = (
				3BE4A83F2B1A5C0C007611D8 /* OpenAIApiClient.swift */,
				3BE4A8412B1A607C007611D8 /* ChatView.swift */,
			);
			path = OpenAI;
			sourceTree = "<group>";
		};
		3B5C59E12B1902E100283244 /* Resources */ = {
			isa = PBXGroup;
			children = (
				3BD9BBA52B20CA1000BF7949 /* data.json */,
				3B9A56A82B23B98F00E2246F /* updated_data.json */,
				3BE4A8432B1A709E007611D8 /* final.jsonl */,
				3BBF478C2B1E4CD4006033F8 /* Fonts.swift */,
			);
			path = Resources;
			sourceTree = "<group>";
		};
		3B83F9492B0399E4001ADD11 /* Frameworks */ = {
			isa = PBXGroup;
			children = (
				3B8920CF2B0F5E50000A61A2 /* HealthKit.framework */,
				3B83F94A2B0399E4001ADD11 /* StoreKit.framework */,
				3BA4A63C2B0D56310032936E /* AuthenticationServices.framework */,
			);
			name = Frameworks;
			sourceTree = "<group>";
		};
		3BA2F0C92B1CF7D7001AE1F7 /* HealthKit */ = {
			isa = PBXGroup;
			children = (
				3BA2F0CC2B1CF9A0001AE1F7 /* Model */,
				3BA2F0CB2B1CF855001AE1F7 /* Helper */,
				3BE4A8612B1B7E92007611D8 /* View Model */,
				3BE4A8592B1B76A5007611D8 /* Manager */,
			);
			path = HealthKit;
			sourceTree = "<group>";
		};
		3BA2F0CB2B1CF855001AE1F7 /* Helper */ = {
			isa = PBXGroup;
			children = (
				3BD91F1E2B16876F00D9218E /* Ring.swift */,
				3BD2CCC32B1BA6C500DD5C7E /* ActivityRings.swift */,
				3BD2CCCB2B1BA91C00DD5C7E /* DailySummary.swift */,
				3BF547772B155EDE0073BD18 /* LoopingScroll.swift */,
				3BD2CCC52B1BA83800DD5C7E /* WorkoutSummaryCard.swift */,
			);
			path = Helper;
			sourceTree = "<group>";
		};
		3BA2F0CC2B1CF9A0001AE1F7 /* Model */ = {
			isa = PBXGroup;
			children = (
				3BA2F0CF2B1CFAE3001AE1F7 /* HeartRateModel.swift */,
				3BA2F0D22B1CFAE3001AE1F7 /* MindfulSessionModel.swift */,
				3BA2F0D12B1CFAE3001AE1F7 /* SleepAnalysisModel.swift */,
				3BA2F0CD2B1CFA83001AE1F7 /* HeartRateModel.swift */,
				3BE4A85F2B1B7CC0007611D8 /* MindfulSessionModel.swift */,
			);
			path = Model;
			sourceTree = "<group>";
		};
		3BA4A6542B0D60D50032936E /* YogelixSecrets */ = {
			isa = PBXGroup;
			children = (
				3BA4A6552B0D60D50032936E /* YogelixSecrets.h */,
			);
			path = YogelixSecrets;
			sourceTree = "<group>";
		};
		3BCC04BA2B01901400FD1FC3 = {
			isa = PBXGroup;
			children = (
				3BCC04C52B01901400FD1FC3 /* Yogelix */,
				3BA4A6542B0D60D50032936E /* YogelixSecrets */,
				3BCC04DD2B01901600FD1FC3 /* YogelixTests */,
				3BCC04E72B01901600FD1FC3 /* YogelixUITests */,
				3BCC04C42B01901400FD1FC3 /* Products */,
				3B83F9492B0399E4001ADD11 /* Frameworks */,
			);
			sourceTree = "<group>";
		};
		3BCC04C42B01901400FD1FC3 /* Products */ = {
			isa = PBXGroup;
			children = (
				3BCC04C32B01901400FD1FC3 /* Yogelix.app */,
				3BCC04DA2B01901600FD1FC3 /* YogelixTests.xctest */,
				3BCC04E42B01901600FD1FC3 /* YogelixUITests.xctest */,
			);
			name = Products;
			sourceTree = "<group>";
		};
		3BCC04C52B01901400FD1FC3 /* Yogelix */ = {
			isa = PBXGroup;
			children = (
				3BA2F0C92B1CF7D7001AE1F7 /* HealthKit */,
				3BCC04F82B0192C600FD1FC3 /* View */,
				3B225B7F2B247CDA00D7E748 /* DataViewModel */,
				3BCC04F72B0192B200FD1FC3 /* Model */,
				3BCC04FD2B01931400FD1FC3 /* Controller */,
				3B40A36D2B1222F100170041 /* OpenAI */,
				3B5C59E12B1902E100283244 /* Resources */,
				3BCC04C62B01901400FD1FC3 /* YogelixApp.swift */,
				3BCC04CA2B01901500FD1FC3 /* Assets.xcassets */,
				3BA33C912B1E533800DF80F6 /* LuckiestGuy-Regular.ttf */,
				3BCC04CF2B01901500FD1FC3 /* Persistence.swift */,
				3BE252B32B26106C00AABE82 /* GoogleService-Info.plist */,
				3BCC04D42B01901500FD1FC3 /* Yogelix.entitlements */,
				3BCC04D52B01901500FD1FC3 /* Info.plist */,
				3BCC04D12B01901500FD1FC3 /* Yogelix.xcdatamodeld */,
				3B40A3892B12D48F00170041 /* Prompt.md */,
				3BE08DE22B175273002D585A /* fine-tune.jsonl */,
			);
			path = Yogelix;
			sourceTree = "<group>";
		};
		3BCC04DD2B01901600FD1FC3 /* YogelixTests */ = {
			isa = PBXGroup;
			children = (
				3BCC04DE2B01901600FD1FC3 /* YogelixTests.swift */,
			);
			path = YogelixTests;
			sourceTree = "<group>";
		};
		3BCC04E72B01901600FD1FC3 /* YogelixUITests */ = {
			isa = PBXGroup;
			children = (
				3BCC04E82B01901600FD1FC3 /* YogelixUITests.swift */,
				3BCC04EA2B01901600FD1FC3 /* YogelixUITestsLaunchTests.swift */,
			);
			path = YogelixUITests;
			sourceTree = "<group>";
		};
		3BCC04F72B0192B200FD1FC3 /* Model */ = {
			isa = PBXGroup;
			children = (
				3B5C59E22B1902FE00283244 /* Pose.swift */,
				3BE4A8572B1B3342007611D8 /* WorkoutTypeManager.swift */,
				3B9DA82B2B0EAF6D00480621 /* Theme.swift */,
				3B63F0D32B2878B600794E2A /* Achievement.swift */,
			);
			path = Model;
			sourceTree = "<group>";
		};
		3BCC04F82B0192C600FD1FC3 /* View */ = {
			isa = PBXGroup;
			children = (
				3BE4A8212B1A1658007611D8 /* Helpers */,
				3B331DAE2B213CC600DAF0E2 /* Setting */,
				3B54698E2B0CFCD3009130FD /* AuthenticatedView.swift */,
				3BCC04C82B01901400FD1FC3 /* ContentView.swift */,
				3BD2CCBE2B1BA4D100DD5C7E /* MainView.swift */,
				3B92A57B2B2220930088299E /* DiscoverView.swift */,
				3B1962572B1916C800A7C894 /* PoseList.swift */,
				3B5469912B0CFD40009130FD /* UserProfileView.swift */,
				3B9DA8242B0EA9E200480621 /* ExerciseTimerView.swift */,
			);
			path = View;
			sourceTree = "<group>";
		};
		3BCC04FD2B01931400FD1FC3 /* Controller */ = {
			isa = PBXGroup;
			children = (
				3BDFE13B2B026C21007FB23E /* ImagePicker.swift */,
				3BDFE13D2B026C2B007FB23E /* SessionController.swift */,
			);
			path = Controller;
			sourceTree = "<group>";
		};
		3BE4A8212B1A1658007611D8 /* Helpers */ = {
			isa = PBXGroup;
			children = (
				3BDA65762B1FB43400177735 /* PoseOfTheDay.swift */,
				3B19625B2B191D8300A7C894 /* CircleImage.swift */,
				3BDA657C2B1FDCC200177735 /* ProfilePicImage.swift */,
				3BE4A81F2B1A15AC007611D8 /* FavoriteButton.swift */,
				3BAF8EFF2B13D79300E5436F /* HealthCard.swift */,
				3B40A37C2B12B43000170041 /* MetricCard.swift */,
				3BA33C932B1E6A8F00DF80F6 /* UserTrophyToolbar.swift */,
				3BF547752B155DC10073BD18 /* ChakraScrollView.swift */,
				3BA0D7522B25CD4200C53055 /* MetadataScrollView.swift */,
				3B2EA73B2B0BFF2800D46DA6 /* LoginView.swift */,
				3B225B822B24871200D7E748 /* PoseDetailView.swift */,
			);
			path = Helpers;
			sourceTree = "<group>";
		};
		3BE4A8592B1B76A5007611D8 /* Manager */ = {
			isa = PBXGroup;
			children = (
				3BE4A8552B1B2E73007611D8 /* QuantityTypeManager.swift */,
				3BE4A85A2B1B76D8007611D8 /* CategoryTypeManager.swift */,
				3B51EBEE2B1D306B00BB3B7D /* HKQueryOptions.swift */,
			);
			path = Manager;
			sourceTree = "<group>";
		};
		3BE4A8612B1B7E92007611D8 /* View Model */ = {
			isa = PBXGroup;
			children = (
				3BE4A8622B1B7EAE007611D8 /* CategoryDataViewModel.swift */,
				3BD2CCBA2B1B8D7400DD5C7E /* QuantityDataViewModel.swift */,
			);
			path = "View Model";
			sourceTree = "<group>";
		};
/* End PBXGroup section */

/* Begin PBXNativeTarget section */
		3BCC04C22B01901400FD1FC3 /* Yogelix */ = {
			isa = PBXNativeTarget;
			buildConfigurationList = 3BCC04EE2B01901600FD1FC3 /* Build configuration list for PBXNativeTarget "Yogelix" */;
			buildPhases = (
				3BCC04BF2B01901400FD1FC3 /* Sources */,
				3BCC04C02B01901400FD1FC3 /* Frameworks */,
				3BCC04C12B01901400FD1FC3 /* Resources */,
				3B3E13C52B0A8BB8003F8E78 /* Embed Frameworks */,
				3BA4A64B2B0D56310032936E /* Embed Foundation Extensions */,
			);
			buildRules = (
			);
			dependencies = (
			);
			name = Yogelix;
			packageProductDependencies = (
				3B2125C72B121CE600B3E0BE /* FirebaseAnalytics */,
				3B2125C92B121CE600B3E0BE /* FirebaseAuth */,
				3B2125CB2B121CE600B3E0BE /* FirebaseFirestore */,
				3B2125CD2B121D2600B3E0BE /* FirebaseAnalyticsSwift */,
				3B2125CF2B121D2600B3E0BE /* FirebaseAppCheck */,
				3B2125D12B121D2600B3E0BE /* FirebaseFirestoreSwift */,
				3B2125D92B121D9300B3E0BE /* FirebaseRemoteConfig */,
				3B2125DB2B121D9300B3E0BE /* FirebaseRemoteConfigSwift */,
				3B40A36B2B1222EA00170041 /* Alamofire */,
				3B0960BE2B18B74700EFDBCD /* FirebaseStorage */,
				3BDA65702B1F38DF00177735 /* GoogleSignIn */,
				3BDA65722B1F38DF00177735 /* GoogleSignInSwift */,
			);
			productName = Yogelix;
			productReference = 3BCC04C32B01901400FD1FC3 /* Yogelix.app */;
			productType = "com.apple.product-type.application";
		};
		3BCC04D92B01901600FD1FC3 /* YogelixTests */ = {
			isa = PBXNativeTarget;
			buildConfigurationList = 3BCC04F12B01901600FD1FC3 /* Build configuration list for PBXNativeTarget "YogelixTests" */;
			buildPhases = (
				3BCC04D62B01901600FD1FC3 /* Sources */,
				3BCC04D72B01901600FD1FC3 /* Frameworks */,
				3BCC04D82B01901600FD1FC3 /* Resources */,
			);
			buildRules = (
			);
			dependencies = (
				3BCC04DC2B01901600FD1FC3 /* PBXTargetDependency */,
			);
			name = YogelixTests;
			productName = YogelixTests;
			productReference = 3BCC04DA2B01901600FD1FC3 /* YogelixTests.xctest */;
			productType = "com.apple.product-type.bundle.unit-test";
		};
		3BCC04E32B01901600FD1FC3 /* YogelixUITests */ = {
			isa = PBXNativeTarget;
			buildConfigurationList = 3BCC04F42B01901600FD1FC3 /* Build configuration list for PBXNativeTarget "YogelixUITests" */;
			buildPhases = (
				3BCC04E02B01901600FD1FC3 /* Sources */,
				3BCC04E12B01901600FD1FC3 /* Frameworks */,
				3BCC04E22B01901600FD1FC3 /* Resources */,
			);
			buildRules = (
			);
			dependencies = (
				3BCC04E62B01901600FD1FC3 /* PBXTargetDependency */,
			);
			name = YogelixUITests;
			productName = YogelixUITests;
			productReference = 3BCC04E42B01901600FD1FC3 /* YogelixUITests.xctest */;
			productType = "com.apple.product-type.bundle.ui-testing";
		};
/* End PBXNativeTarget section */

/* Begin PBXProject section */
		3BCC04BB2B01901400FD1FC3 /* Project object */ = {
			isa = PBXProject;
			attributes = {
				BuildIndependentTargetsInParallel = 1;
				LastSwiftUpdateCheck = 1500;
				LastUpgradeCheck = 1500;
				TargetAttributes = {
					3BCC04C22B01901400FD1FC3 = {
						CreatedOnToolsVersion = 15.0.1;
					};
					3BCC04D92B01901600FD1FC3 = {
						CreatedOnToolsVersion = 15.0.1;
						TestTargetID = 3BCC04C22B01901400FD1FC3;
					};
					3BCC04E32B01901600FD1FC3 = {
						CreatedOnToolsVersion = 15.0.1;
						TestTargetID = 3BCC04C22B01901400FD1FC3;
					};
				};
			};
			buildConfigurationList = 3BCC04BE2B01901400FD1FC3 /* Build configuration list for PBXProject "Yogelix" */;
			compatibilityVersion = "Xcode 15.0";
			developmentRegion = en;
			hasScannedForEncodings = 0;
			knownRegions = (
				en,
				Base,
			);
			mainGroup = 3BCC04BA2B01901400FD1FC3;
			packageReferences = (
				3B2125C62B121CE600B3E0BE /* XCRemoteSwiftPackageReference "firebase-ios-sdk" */,
				3B40A36A2B1222EA00170041 /* XCRemoteSwiftPackageReference "Alamofire" */,
				3BDA656F2B1F38DF00177735 /* XCRemoteSwiftPackageReference "GoogleSignIn-iOS" */,
			);
			productRefGroup = 3BCC04C42B01901400FD1FC3 /* Products */;
			projectDirPath = "";
			projectRoot = "";
			targets = (
				3BCC04C22B01901400FD1FC3 /* Yogelix */,
				3BCC04D92B01901600FD1FC3 /* YogelixTests */,
				3BCC04E32B01901600FD1FC3 /* YogelixUITests */,
			);
		};
/* End PBXProject section */

/* Begin PBXResourcesBuildPhase section */
		3BCC04C12B01901400FD1FC3 /* Resources */ = {
			isa = PBXResourcesBuildPhase;
			buildActionMask = 2147483647;
			files = (
				3BE252B42B26106C00AABE82 /* GoogleService-Info.plist in Resources */,
				3BD9BBA62B20CA1000BF7949 /* data.json in Resources */,
				3BA33C922B1E533800DF80F6 /* LuckiestGuy-Regular.ttf in Resources */,
				3BCC04CB2B01901500FD1FC3 /* Assets.xcassets in Resources */,
				3BE08DE32B175273002D585A /* fine-tune.jsonl in Resources */,
				3B9A56A92B23B98F00E2246F /* updated_data.json in Resources */,
				3BE4A8442B1A709E007611D8 /* final.jsonl in Resources */,
			);
			runOnlyForDeploymentPostprocessing = 0;
		};
		3BCC04D82B01901600FD1FC3 /* Resources */ = {
			isa = PBXResourcesBuildPhase;
			buildActionMask = 2147483647;
			files = (
			);
			runOnlyForDeploymentPostprocessing = 0;
		};
		3BCC04E22B01901600FD1FC3 /* Resources */ = {
			isa = PBXResourcesBuildPhase;
			buildActionMask = 2147483647;
			files = (
			);
			runOnlyForDeploymentPostprocessing = 0;
		};
/* End PBXResourcesBuildPhase section */

/* Begin PBXSourcesBuildPhase section */
		3BCC04BF2B01901400FD1FC3 /* Sources */ = {
			isa = PBXSourcesBuildPhase;
			buildActionMask = 2147483647;
			files = (
				3BE4A8582B1B3342007611D8 /* WorkoutTypeManager.swift in Sources */,
				3B54698F2B0CFCD3009130FD /* AuthenticatedView.swift in Sources */,
				3BE4A8602B1B7CC0007611D8 /* MindfulSessionModel.swift in Sources */,
				3BA2F0D62B1CFAE3001AE1F7 /* MindfulSessionModel.swift in Sources */,
				3B331DA72B2138A000DAF0E2 /* RateUsView.swift in Sources */,
				3BCC04D02B01901500FD1FC3 /* Persistence.swift in Sources */,
				3BCC04D32B01901500FD1FC3 /* Yogelix.xcdatamodeld in Sources */,
				3BA2F0D32B1CFAE3001AE1F7 /* HeartRateModel.swift in Sources */,
				3BD2CCCC2B1BA91C00DD5C7E /* DailySummary.swift in Sources */,
				3BE4A8562B1B2E73007611D8 /* QuantityTypeManager.swift in Sources */,
				3B331DA32B21381600DAF0E2 /* ManageSubscriptionView.swift in Sources */,
				3B19625C2B191D8300A7C894 /* CircleImage.swift in Sources */,
				3BA2F0D52B1CFAE3001AE1F7 /* SleepAnalysisModel.swift in Sources */,
				3B331DAD2B213A6000DAF0E2 /* TermsOfUseView.swift in Sources */,
				3B331DA92B21399E00DAF0E2 /* AppleHealthView.swift in Sources */,
				3BCC04C92B01901400FD1FC3 /* ContentView.swift in Sources */,
				3BDA657D2B1FDCC200177735 /* ProfilePicImage.swift in Sources */,
				3BDFE13C2B026C21007FB23E /* ImagePicker.swift in Sources */,
				3B92A57C2B2220930088299E /* DiscoverView.swift in Sources */,
				3B2EA73C2B0BFF2800D46DA6 /* LoginView.swift in Sources */,
				3BA33C942B1E6A8F00DF80F6 /* UserTrophyToolbar.swift in Sources */,
				3B5C59E52B1905BD00283244 /* PoseViewModel.swift in Sources */,
				3BBF478D2B1E4CD4006033F8 /* Fonts.swift in Sources */,
				3BA2F0CE2B1CFA83001AE1F7 /* HeartRateModel.swift in Sources */,
				3B331DA52B21385D00DAF0E2 /* RestorePurchaseView.swift in Sources */,
				3B225B832B24871200D7E748 /* PoseDetailView.swift in Sources */,
				3BA0D7532B25CD4200C53055 /* MetadataScrollView.swift in Sources */,
				3BF59E2C2B279F5F000C6483 /* UserProfileViewModel.swift in Sources */,
				3BF547762B155DC10073BD18 /* ChakraScrollView.swift in Sources */,
				3BD2CCC42B1BA6C500DD5C7E /* ActivityRings.swift in Sources */,
				3B9DA8252B0EA9E200480621 /* ExerciseTimerView.swift in Sources */,
				3BE4A8632B1B7EAF007611D8 /* CategoryDataViewModel.swift in Sources */,
				3B9DA82C2B0EAF6D00480621 /* Theme.swift in Sources */,
				3B2EA73F2B0C0BAF00D46DA6 /* AuthenticationViewModel.swift in Sources */,
				3B5469922B0CFD40009130FD /* UserProfileView.swift in Sources */,
				3BE4A8202B1A15AC007611D8 /* FavoriteButton.swift in Sources */,
				3BD2CCBD2B1B90C800DD5C7E /* WorkoutDataViewModel.swift in Sources */,
				3B63F0D42B2878B600794E2A /* Achievement.swift in Sources */,
				3BE4A8422B1A607C007611D8 /* ChatView.swift in Sources */,
				3BE4A8402B1A5C0C007611D8 /* OpenAIApiClient.swift in Sources */,
				3B51EBEF2B1D306B00BB3B7D /* HKQueryOptions.swift in Sources */,
				3BD91F1F2B16876F00D9218E /* Ring.swift in Sources */,
				3BD2CCBB2B1B8D7400DD5C7E /* QuantityDataViewModel.swift in Sources */,
				3BD2CCC62B1BA83800DD5C7E /* WorkoutSummaryCard.swift in Sources */,
				3BDA65772B1FB43400177735 /* PoseOfTheDay.swift in Sources */,
				3BD2CCBF2B1BA4D100DD5C7E /* MainView.swift in Sources */,
				3BAF8F002B13D79300E5436F /* HealthCard.swift in Sources */,
				3B331DAB2B2139E500DAF0E2 /* PrivacyPolicyView.swift in Sources */,
				3BDFE13E2B026C2B007FB23E /* SessionController.swift in Sources */,
				3B40A37D2B12B43000170041 /* MetricCard.swift in Sources */,
				3BE252B62B2636B400AABE82 /* ManageSubscriptionViewModel.swift in Sources */,
				3B5C59E32B1902FE00283244 /* Pose.swift in Sources */,
				3B1962582B1916C800A7C894 /* PoseList.swift in Sources */,
				3BCC04C72B01901400FD1FC3 /* YogelixApp.swift in Sources */,
				3BE4A85B2B1B76D9007611D8 /* CategoryTypeManager.swift in Sources */,
				3BF547782B155EDE0073BD18 /* LoopingScroll.swift in Sources */,
			);
			runOnlyForDeploymentPostprocessing = 0;
		};
		3BCC04D62B01901600FD1FC3 /* Sources */ = {
			isa = PBXSourcesBuildPhase;
			buildActionMask = 2147483647;
			files = (
				3BCC04DF2B01901600FD1FC3 /* YogelixTests.swift in Sources */,
			);
			runOnlyForDeploymentPostprocessing = 0;
		};
		3BCC04E02B01901600FD1FC3 /* Sources */ = {
			isa = PBXSourcesBuildPhase;
			buildActionMask = 2147483647;
			files = (
				3BCC04EB2B01901600FD1FC3 /* YogelixUITestsLaunchTests.swift in Sources */,
				3BCC04E92B01901600FD1FC3 /* YogelixUITests.swift in Sources */,
			);
			runOnlyForDeploymentPostprocessing = 0;
		};
/* End PBXSourcesBuildPhase section */

/* Begin PBXTargetDependency section */
		3BCC04DC2B01901600FD1FC3 /* PBXTargetDependency */ = {
			isa = PBXTargetDependency;
			target = 3BCC04C22B01901400FD1FC3 /* Yogelix */;
			targetProxy = 3BCC04DB2B01901600FD1FC3 /* PBXContainerItemProxy */;
		};
		3BCC04E62B01901600FD1FC3 /* PBXTargetDependency */ = {
			isa = PBXTargetDependency;
			target = 3BCC04C22B01901400FD1FC3 /* Yogelix */;
			targetProxy = 3BCC04E52B01901600FD1FC3 /* PBXContainerItemProxy */;
		};
/* End PBXTargetDependency section */

/* Begin XCBuildConfiguration section */
		3BCC04EC2B01901600FD1FC3 /* Debug */ = {
			isa = XCBuildConfiguration;
			buildSettings = {
				ALWAYS_SEARCH_USER_PATHS = NO;
				ASSETCATALOG_COMPILER_GENERATE_SWIFT_ASSET_SYMBOL_EXTENSIONS = YES;
				CLANG_ANALYZER_NONNULL = YES;
				CLANG_ANALYZER_NUMBER_OBJECT_CONVERSION = YES_AGGRESSIVE;
				CLANG_CXX_LANGUAGE_STANDARD = "gnu++20";
				CLANG_ENABLE_MODULES = YES;
				CLANG_ENABLE_OBJC_ARC = YES;
				CLANG_ENABLE_OBJC_WEAK = YES;
				CLANG_WARN_BLOCK_CAPTURE_AUTORELEASING = YES;
				CLANG_WARN_BOOL_CONVERSION = YES;
				CLANG_WARN_COMMA = YES;
				CLANG_WARN_CONSTANT_CONVERSION = YES;
				CLANG_WARN_DEPRECATED_OBJC_IMPLEMENTATIONS = YES;
				CLANG_WARN_DIRECT_OBJC_ISA_USAGE = YES_ERROR;
				CLANG_WARN_DOCUMENTATION_COMMENTS = YES;
				CLANG_WARN_EMPTY_BODY = YES;
				CLANG_WARN_ENUM_CONVERSION = YES;
				CLANG_WARN_INFINITE_RECURSION = YES;
				CLANG_WARN_INT_CONVERSION = YES;
				CLANG_WARN_NON_LITERAL_NULL_CONVERSION = YES;
				CLANG_WARN_OBJC_IMPLICIT_RETAIN_SELF = YES;
				CLANG_WARN_OBJC_LITERAL_CONVERSION = YES;
				CLANG_WARN_OBJC_ROOT_CLASS = YES_ERROR;
				CLANG_WARN_QUOTED_INCLUDE_IN_FRAMEWORK_HEADER = YES;
				CLANG_WARN_RANGE_LOOP_ANALYSIS = YES;
				CLANG_WARN_STRICT_PROTOTYPES = YES;
				CLANG_WARN_SUSPICIOUS_MOVE = YES;
				CLANG_WARN_UNGUARDED_AVAILABILITY = YES_AGGRESSIVE;
				CLANG_WARN_UNREACHABLE_CODE = YES;
				CLANG_WARN__DUPLICATE_METHOD_MATCH = YES;
				COPY_PHASE_STRIP = NO;
				DEBUG_INFORMATION_FORMAT = dwarf;
				ENABLE_STRICT_OBJC_MSGSEND = YES;
				ENABLE_TESTABILITY = YES;
				ENABLE_USER_SCRIPT_SANDBOXING = YES;
				GCC_C_LANGUAGE_STANDARD = gnu17;
				GCC_DYNAMIC_NO_PIC = NO;
				GCC_NO_COMMON_BLOCKS = YES;
				GCC_OPTIMIZATION_LEVEL = 0;
				GCC_PREPROCESSOR_DEFINITIONS = (
					"DEBUG=1",
					"$(inherited)",
				);
				GCC_WARN_64_TO_32_BIT_CONVERSION = YES;
				GCC_WARN_ABOUT_RETURN_TYPE = YES_ERROR;
				GCC_WARN_UNDECLARED_SELECTOR = YES;
				GCC_WARN_UNINITIALIZED_AUTOS = YES_AGGRESSIVE;
				GCC_WARN_UNUSED_FUNCTION = YES;
				GCC_WARN_UNUSED_VARIABLE = YES;
				IPHONEOS_DEPLOYMENT_TARGET = 17.0;
				LOCALIZATION_PREFERS_STRING_CATALOGS = YES;
				MTL_ENABLE_DEBUG_INFO = INCLUDE_SOURCE;
				MTL_FAST_MATH = YES;
				ONLY_ACTIVE_ARCH = YES;
				SDKROOT = iphoneos;
				SWIFT_ACTIVE_COMPILATION_CONDITIONS = "DEBUG $(inherited)";
				SWIFT_OPTIMIZATION_LEVEL = "-Onone";
			};
			name = Debug;
		};
		3BCC04ED2B01901600FD1FC3 /* Release */ = {
			isa = XCBuildConfiguration;
			buildSettings = {
				ALWAYS_SEARCH_USER_PATHS = NO;
				ASSETCATALOG_COMPILER_GENERATE_SWIFT_ASSET_SYMBOL_EXTENSIONS = YES;
				CLANG_ANALYZER_NONNULL = YES;
				CLANG_ANALYZER_NUMBER_OBJECT_CONVERSION = YES_AGGRESSIVE;
				CLANG_CXX_LANGUAGE_STANDARD = "gnu++20";
				CLANG_ENABLE_MODULES = YES;
				CLANG_ENABLE_OBJC_ARC = YES;
				CLANG_ENABLE_OBJC_WEAK = YES;
				CLANG_WARN_BLOCK_CAPTURE_AUTORELEASING = YES;
				CLANG_WARN_BOOL_CONVERSION = YES;
				CLANG_WARN_COMMA = YES;
				CLANG_WARN_CONSTANT_CONVERSION = YES;
				CLANG_WARN_DEPRECATED_OBJC_IMPLEMENTATIONS = YES;
				CLANG_WARN_DIRECT_OBJC_ISA_USAGE = YES_ERROR;
				CLANG_WARN_DOCUMENTATION_COMMENTS = YES;
				CLANG_WARN_EMPTY_BODY = YES;
				CLANG_WARN_ENUM_CONVERSION = YES;
				CLANG_WARN_INFINITE_RECURSION = YES;
				CLANG_WARN_INT_CONVERSION = YES;
				CLANG_WARN_NON_LITERAL_NULL_CONVERSION = YES;
				CLANG_WARN_OBJC_IMPLICIT_RETAIN_SELF = YES;
				CLANG_WARN_OBJC_LITERAL_CONVERSION = YES;
				CLANG_WARN_OBJC_ROOT_CLASS = YES_ERROR;
				CLANG_WARN_QUOTED_INCLUDE_IN_FRAMEWORK_HEADER = YES;
				CLANG_WARN_RANGE_LOOP_ANALYSIS = YES;
				CLANG_WARN_STRICT_PROTOTYPES = YES;
				CLANG_WARN_SUSPICIOUS_MOVE = YES;
				CLANG_WARN_UNGUARDED_AVAILABILITY = YES_AGGRESSIVE;
				CLANG_WARN_UNREACHABLE_CODE = YES;
				CLANG_WARN__DUPLICATE_METHOD_MATCH = YES;
				COPY_PHASE_STRIP = NO;
				DEBUG_INFORMATION_FORMAT = "dwarf-with-dsym";
				ENABLE_NS_ASSERTIONS = NO;
				ENABLE_STRICT_OBJC_MSGSEND = YES;
				ENABLE_USER_SCRIPT_SANDBOXING = YES;
				GCC_C_LANGUAGE_STANDARD = gnu17;
				GCC_NO_COMMON_BLOCKS = YES;
				GCC_WARN_64_TO_32_BIT_CONVERSION = YES;
				GCC_WARN_ABOUT_RETURN_TYPE = YES_ERROR;
				GCC_WARN_UNDECLARED_SELECTOR = YES;
				GCC_WARN_UNINITIALIZED_AUTOS = YES_AGGRESSIVE;
				GCC_WARN_UNUSED_FUNCTION = YES;
				GCC_WARN_UNUSED_VARIABLE = YES;
				IPHONEOS_DEPLOYMENT_TARGET = 17.0;
				LOCALIZATION_PREFERS_STRING_CATALOGS = YES;
				MTL_ENABLE_DEBUG_INFO = NO;
				MTL_FAST_MATH = YES;
				SDKROOT = iphoneos;
				SWIFT_COMPILATION_MODE = wholemodule;
				VALIDATE_PRODUCT = YES;
			};
			name = Release;
		};
		3BCC04EF2B01901600FD1FC3 /* Debug */ = {
			isa = XCBuildConfiguration;
			buildSettings = {
				ASSETCATALOG_COMPILER_APPICON_NAME = AppIcon;
				ASSETCATALOG_COMPILER_GLOBAL_ACCENT_COLOR_NAME = AccentColor;
				CODE_SIGN_ENTITLEMENTS = Yogelix/Yogelix.entitlements;
				CODE_SIGN_STYLE = Automatic;
				CURRENT_PROJECT_VERSION = 1.0.0;
				DEVELOPMENT_ASSET_PATHS = "";
				DEVELOPMENT_TEAM = G9QU83M3D9;
				EMBED_ASSET_PACKS_IN_PRODUCT_BUNDLE = NO;
				ENABLE_PREVIEWS = YES;
				GENERATE_INFOPLIST_FILE = YES;
				INFOPLIST_FILE = Yogelix/Info.plist;
				INFOPLIST_KEY_CFBundleDisplayName = Yogelix;
				INFOPLIST_KEY_LSApplicationCategoryType = "public.app-category.lifestyle";
				INFOPLIST_KEY_NSFaceIDUsageDescription = "";
				INFOPLIST_KEY_NSHealthShareUsageDescription = "To provide you with a truly personalized yoga experience, Yogelix requests access to read certain health data from your HealthKit store. By analyzing this data, Yogelix's advanced AI, powered by OpenAI's GPT-4, can tailor your yoga routines to align perfectly with your current fitness level, health goals, and progress. This insight allows us to suggest the most effective and enjoyable workouts for you. Rest assured, your privacy is our top priority. We use this data solely to enhance your fitness experience and never share it without your consent.";
				INFOPLIST_KEY_NSHealthUpdateUsageDescription = "Yogelix is dedicated to enriching your fitness journey by intelligently tracking and adapting to your progress. For this, we request permission to save information about your yoga workouts and associated health metrics, like heart rate during exercises, to your HealthKit store. This integration allows us to monitor your progress, adjust future routines for improved effectiveness, and ensure you're always on the right track towards your health goals. The data saved will also enable comprehensive fitness tracking, helping you visualize your achievements over time. Your data is always handled with the utmost respect for your privacy and security, ensuring a seamless and personalized workout experience with Yogelix.";
				INFOPLIST_KEY_UIApplicationSceneManifest_Generation = YES;
				INFOPLIST_KEY_UIApplicationSupportsIndirectInputEvents = YES;
				INFOPLIST_KEY_UILaunchScreen_Generation = YES;
				INFOPLIST_KEY_UIRequiresFullScreen = YES;
				INFOPLIST_KEY_UIStatusBarStyle = "";
				INFOPLIST_KEY_UISupportedInterfaceOrientations = "UIInterfaceOrientationLandscapeLeft UIInterfaceOrientationLandscapeRight UIInterfaceOrientationPortrait";
				INFOPLIST_KEY_UISupportedInterfaceOrientations_iPad = "UIInterfaceOrientationLandscapeLeft UIInterfaceOrientationLandscapeRight UIInterfaceOrientationPortrait UIInterfaceOrientationPortraitUpsideDown";
				IPHONEOS_DEPLOYMENT_TARGET = 17.0;
				LD_RUNPATH_SEARCH_PATHS = (
					"$(inherited)",
					"@executable_path/Frameworks",
				);
				MARKETING_VERSION = 1.0;
				PRODUCT_BUNDLE_IDENTIFIER = com.chateth.Yogelix;
				PRODUCT_NAME = "$(TARGET_NAME)";
				SWIFT_EMIT_LOC_STRINGS = YES;
				SWIFT_VERSION = 5.0;
				TARGETED_DEVICE_FAMILY = "1,2";
			};
			name = Debug;
		};
		3BCC04F02B01901600FD1FC3 /* Release */ = {
			isa = XCBuildConfiguration;
			buildSettings = {
				ASSETCATALOG_COMPILER_APPICON_NAME = AppIcon;
				ASSETCATALOG_COMPILER_GLOBAL_ACCENT_COLOR_NAME = AccentColor;
				CODE_SIGN_ENTITLEMENTS = Yogelix/Yogelix.entitlements;
				CODE_SIGN_STYLE = Automatic;
				CURRENT_PROJECT_VERSION = 1.0.0;
				DEVELOPMENT_ASSET_PATHS = "";
				DEVELOPMENT_TEAM = G9QU83M3D9;
				EMBED_ASSET_PACKS_IN_PRODUCT_BUNDLE = NO;
				ENABLE_PREVIEWS = YES;
				GENERATE_INFOPLIST_FILE = YES;
				INFOPLIST_FILE = Yogelix/Info.plist;
				INFOPLIST_KEY_CFBundleDisplayName = Yogelix;
				INFOPLIST_KEY_LSApplicationCategoryType = "public.app-category.lifestyle";
				INFOPLIST_KEY_NSFaceIDUsageDescription = "";
				INFOPLIST_KEY_NSHealthShareUsageDescription = "To provide you with a truly personalized yoga experience, Yogelix requests access to read certain health data from your HealthKit store. By analyzing this data, Yogelix's advanced AI, powered by OpenAI's GPT-4, can tailor your yoga routines to align perfectly with your current fitness level, health goals, and progress. This insight allows us to suggest the most effective and enjoyable workouts for you. Rest assured, your privacy is our top priority. We use this data solely to enhance your fitness experience and never share it without your consent.";
				INFOPLIST_KEY_NSHealthUpdateUsageDescription = "Yogelix is dedicated to enriching your fitness journey by intelligently tracking and adapting to your progress. For this, we request permission to save information about your yoga workouts and associated health metrics, like heart rate during exercises, to your HealthKit store. This integration allows us to monitor your progress, adjust future routines for improved effectiveness, and ensure you're always on the right track towards your health goals. The data saved will also enable comprehensive fitness tracking, helping you visualize your achievements over time. Your data is always handled with the utmost respect for your privacy and security, ensuring a seamless and personalized workout experience with Yogelix.";
				INFOPLIST_KEY_UIApplicationSceneManifest_Generation = YES;
				INFOPLIST_KEY_UIApplicationSupportsIndirectInputEvents = YES;
				INFOPLIST_KEY_UILaunchScreen_Generation = YES;
				INFOPLIST_KEY_UIRequiresFullScreen = YES;
				INFOPLIST_KEY_UIStatusBarStyle = "";
				INFOPLIST_KEY_UISupportedInterfaceOrientations = "UIInterfaceOrientationLandscapeLeft UIInterfaceOrientationLandscapeRight UIInterfaceOrientationPortrait";
				INFOPLIST_KEY_UISupportedInterfaceOrientations_iPad = "UIInterfaceOrientationLandscapeLeft UIInterfaceOrientationLandscapeRight UIInterfaceOrientationPortrait UIInterfaceOrientationPortraitUpsideDown";
				IPHONEOS_DEPLOYMENT_TARGET = 17.0;
				LD_RUNPATH_SEARCH_PATHS = (
					"$(inherited)",
					"@executable_path/Frameworks",
				);
				MARKETING_VERSION = 1.0;
				PRODUCT_BUNDLE_IDENTIFIER = com.chateth.Yogelix;
				PRODUCT_NAME = "$(TARGET_NAME)";
				SWIFT_EMIT_LOC_STRINGS = YES;
				SWIFT_VERSION = 5.0;
				TARGETED_DEVICE_FAMILY = "1,2";
			};
			name = Release;
		};
		3BCC04F22B01901600FD1FC3 /* Debug */ = {
			isa = XCBuildConfiguration;
			buildSettings = {
				ALWAYS_EMBED_SWIFT_STANDARD_LIBRARIES = YES;
				BUNDLE_LOADER = "$(TEST_HOST)";
				CODE_SIGN_STYLE = Automatic;
				CURRENT_PROJECT_VERSION = 1;
				DEVELOPMENT_TEAM = G9QU83M3D9;
				GENERATE_INFOPLIST_FILE = YES;
				IPHONEOS_DEPLOYMENT_TARGET = 17.0;
				MARKETING_VERSION = 1.0;
				PRODUCT_BUNDLE_IDENTIFIER = com.chateth.YogelixTests;
				PRODUCT_NAME = "$(TARGET_NAME)";
				SWIFT_EMIT_LOC_STRINGS = NO;
				SWIFT_VERSION = 5.0;
				TARGETED_DEVICE_FAMILY = "1,2";
				TEST_HOST = "$(BUILT_PRODUCTS_DIR)/Yogelix.app/$(BUNDLE_EXECUTABLE_FOLDER_PATH)/Yogelix";
			};
			name = Debug;
		};
		3BCC04F32B01901600FD1FC3 /* Release */ = {
			isa = XCBuildConfiguration;
			buildSettings = {
				ALWAYS_EMBED_SWIFT_STANDARD_LIBRARIES = YES;
				BUNDLE_LOADER = "$(TEST_HOST)";
				CODE_SIGN_STYLE = Automatic;
				CURRENT_PROJECT_VERSION = 1;
				DEVELOPMENT_TEAM = G9QU83M3D9;
				GENERATE_INFOPLIST_FILE = YES;
				IPHONEOS_DEPLOYMENT_TARGET = 17.0;
				MARKETING_VERSION = 1.0;
				PRODUCT_BUNDLE_IDENTIFIER = com.chateth.YogelixTests;
				PRODUCT_NAME = "$(TARGET_NAME)";
				SWIFT_EMIT_LOC_STRINGS = NO;
				SWIFT_VERSION = 5.0;
				TARGETED_DEVICE_FAMILY = "1,2";
				TEST_HOST = "$(BUILT_PRODUCTS_DIR)/Yogelix.app/$(BUNDLE_EXECUTABLE_FOLDER_PATH)/Yogelix";
			};
			name = Release;
		};
		3BCC04F52B01901600FD1FC3 /* Debug */ = {
			isa = XCBuildConfiguration;
			buildSettings = {
				ALWAYS_EMBED_SWIFT_STANDARD_LIBRARIES = YES;
				CODE_SIGN_STYLE = Automatic;
				CURRENT_PROJECT_VERSION = 1;
				DEVELOPMENT_TEAM = G9QU83M3D9;
				GENERATE_INFOPLIST_FILE = YES;
				MARKETING_VERSION = 1.0;
				PRODUCT_BUNDLE_IDENTIFIER = com.chateth.YogelixUITests;
				PRODUCT_NAME = "$(TARGET_NAME)";
				SWIFT_EMIT_LOC_STRINGS = NO;
				SWIFT_VERSION = 5.0;
				TARGETED_DEVICE_FAMILY = "1,2";
				TEST_TARGET_NAME = Yogelix;
			};
			name = Debug;
		};
		3BCC04F62B01901600FD1FC3 /* Release */ = {
			isa = XCBuildConfiguration;
			buildSettings = {
				ALWAYS_EMBED_SWIFT_STANDARD_LIBRARIES = YES;
				CODE_SIGN_STYLE = Automatic;
				CURRENT_PROJECT_VERSION = 1;
				DEVELOPMENT_TEAM = G9QU83M3D9;
				GENERATE_INFOPLIST_FILE = YES;
				MARKETING_VERSION = 1.0;
				PRODUCT_BUNDLE_IDENTIFIER = com.chateth.YogelixUITests;
				PRODUCT_NAME = "$(TARGET_NAME)";
				SWIFT_EMIT_LOC_STRINGS = NO;
				SWIFT_VERSION = 5.0;
				TARGETED_DEVICE_FAMILY = "1,2";
				TEST_TARGET_NAME = Yogelix;
			};
			name = Release;
		};
/* End XCBuildConfiguration section */

/* Begin XCConfigurationList section */
		3BCC04BE2B01901400FD1FC3 /* Build configuration list for PBXProject "Yogelix" */ = {
			isa = XCConfigurationList;
			buildConfigurations = (
				3BCC04EC2B01901600FD1FC3 /* Debug */,
				3BCC04ED2B01901600FD1FC3 /* Release */,
			);
			defaultConfigurationIsVisible = 0;
			defaultConfigurationName = Release;
		};
		3BCC04EE2B01901600FD1FC3 /* Build configuration list for PBXNativeTarget "Yogelix" */ = {
			isa = XCConfigurationList;
			buildConfigurations = (
				3BCC04EF2B01901600FD1FC3 /* Debug */,
				3BCC04F02B01901600FD1FC3 /* Release */,
			);
			defaultConfigurationIsVisible = 0;
			defaultConfigurationName = Release;
		};
		3BCC04F12B01901600FD1FC3 /* Build configuration list for PBXNativeTarget "YogelixTests" */ = {
			isa = XCConfigurationList;
			buildConfigurations = (
				3BCC04F22B01901600FD1FC3 /* Debug */,
				3BCC04F32B01901600FD1FC3 /* Release */,
			);
			defaultConfigurationIsVisible = 0;
			defaultConfigurationName = Release;
		};
		3BCC04F42B01901600FD1FC3 /* Build configuration list for PBXNativeTarget "YogelixUITests" */ = {
			isa = XCConfigurationList;
			buildConfigurations = (
				3BCC04F52B01901600FD1FC3 /* Debug */,
				3BCC04F62B01901600FD1FC3 /* Release */,
			);
			defaultConfigurationIsVisible = 0;
			defaultConfigurationName = Release;
		};
/* End XCConfigurationList section */

/* Begin XCRemoteSwiftPackageReference section */
		3B2125C62B121CE600B3E0BE /* XCRemoteSwiftPackageReference "firebase-ios-sdk" */ = {
			isa = XCRemoteSwiftPackageReference;
			repositoryURL = "https://github.com/firebase/firebase-ios-sdk.git";
			requirement = {
				kind = upToNextMajorVersion;
				minimumVersion = 10.18.0;
			};
		};
		3B40A36A2B1222EA00170041 /* XCRemoteSwiftPackageReference "Alamofire" */ = {
			isa = XCRemoteSwiftPackageReference;
			repositoryURL = "https://github.com/Alamofire/Alamofire";
			requirement = {
				kind = upToNextMajorVersion;
				minimumVersion = 5.8.1;
			};
		};
		3BDA656F2B1F38DF00177735 /* XCRemoteSwiftPackageReference "GoogleSignIn-iOS" */ = {
			isa = XCRemoteSwiftPackageReference;
			repositoryURL = "https://github.com/google/GoogleSignIn-iOS";
			requirement = {
				kind = upToNextMajorVersion;
				minimumVersion = 7.0.0;
			};
		};
/* End XCRemoteSwiftPackageReference section */

/* Begin XCSwiftPackageProductDependency section */
		3B0960BE2B18B74700EFDBCD /* FirebaseStorage */ = {
			isa = XCSwiftPackageProductDependency;
			package = 3B2125C62B121CE600B3E0BE /* XCRemoteSwiftPackageReference "firebase-ios-sdk" */;
			productName = FirebaseStorage;
		};
		3B2125C72B121CE600B3E0BE /* FirebaseAnalytics */ = {
			isa = XCSwiftPackageProductDependency;
			package = 3B2125C62B121CE600B3E0BE /* XCRemoteSwiftPackageReference "firebase-ios-sdk" */;
			productName = FirebaseAnalytics;
		};
		3B2125C92B121CE600B3E0BE /* FirebaseAuth */ = {
			isa = XCSwiftPackageProductDependency;
			package = 3B2125C62B121CE600B3E0BE /* XCRemoteSwiftPackageReference "firebase-ios-sdk" */;
			productName = FirebaseAuth;
		};
		3B2125CB2B121CE600B3E0BE /* FirebaseFirestore */ = {
			isa = XCSwiftPackageProductDependency;
			package = 3B2125C62B121CE600B3E0BE /* XCRemoteSwiftPackageReference "firebase-ios-sdk" */;
			productName = FirebaseFirestore;
		};
		3B2125CD2B121D2600B3E0BE /* FirebaseAnalyticsSwift */ = {
			isa = XCSwiftPackageProductDependency;
			package = 3B2125C62B121CE600B3E0BE /* XCRemoteSwiftPackageReference "firebase-ios-sdk" */;
			productName = FirebaseAnalyticsSwift;
		};
		3B2125CF2B121D2600B3E0BE /* FirebaseAppCheck */ = {
			isa = XCSwiftPackageProductDependency;
			package = 3B2125C62B121CE600B3E0BE /* XCRemoteSwiftPackageReference "firebase-ios-sdk" */;
			productName = FirebaseAppCheck;
		};
		3B2125D12B121D2600B3E0BE /* FirebaseFirestoreSwift */ = {
			isa = XCSwiftPackageProductDependency;
			package = 3B2125C62B121CE600B3E0BE /* XCRemoteSwiftPackageReference "firebase-ios-sdk" */;
			productName = FirebaseFirestoreSwift;
		};
		3B2125D92B121D9300B3E0BE /* FirebaseRemoteConfig */ = {
			isa = XCSwiftPackageProductDependency;
			package = 3B2125C62B121CE600B3E0BE /* XCRemoteSwiftPackageReference "firebase-ios-sdk" */;
			productName = FirebaseRemoteConfig;
		};
		3B2125DB2B121D9300B3E0BE /* FirebaseRemoteConfigSwift */ = {
			isa = XCSwiftPackageProductDependency;
			package = 3B2125C62B121CE600B3E0BE /* XCRemoteSwiftPackageReference "firebase-ios-sdk" */;
			productName = FirebaseRemoteConfigSwift;
		};
		3B40A36B2B1222EA00170041 /* Alamofire */ = {
			isa = XCSwiftPackageProductDependency;
			package = 3B40A36A2B1222EA00170041 /* XCRemoteSwiftPackageReference "Alamofire" */;
			productName = Alamofire;
		};
		3BDA65702B1F38DF00177735 /* GoogleSignIn */ = {
			isa = XCSwiftPackageProductDependency;
			package = 3BDA656F2B1F38DF00177735 /* XCRemoteSwiftPackageReference "GoogleSignIn-iOS" */;
			productName = GoogleSignIn;
		};
		3BDA65722B1F38DF00177735 /* GoogleSignInSwift */ = {
			isa = XCSwiftPackageProductDependency;
			package = 3BDA656F2B1F38DF00177735 /* XCRemoteSwiftPackageReference "GoogleSignIn-iOS" */;
			productName = GoogleSignInSwift;
		};
/* End XCSwiftPackageProductDependency section */

/* Begin XCVersionGroup section */
		3BCC04D12B01901500FD1FC3 /* Yogelix.xcdatamodeld */ = {
			isa = XCVersionGroup;
			children = (
				3BCC04D22B01901500FD1FC3 /* Yogelix.xcdatamodel */,
			);
			currentVersion = 3BCC04D22B01901500FD1FC3 /* Yogelix.xcdatamodel */;
			path = Yogelix.xcdatamodeld;
			sourceTree = "<group>";
			versionGroupType = wrapper.xcdatamodel;
		};
/* End XCVersionGroup section */
	};
	rootObject = 3BCC04BB2B01901400FD1FC3 /* Project object */;
}
